// !$*UTF8*$!
{
	archiveVersion = 1;
	classes = {
	};
	objectVersion = 56;
	objects = {

/* Begin PBXBuildFile section */
		7F68DEFC2A9E9FB100C1EABD /* BoardlistApp.swift in Sources */ = {isa = PBXBuildFile; fileRef = 7F68DEFB2A9E9FB100C1EABD /* BoardlistApp.swift */; };
		7F68DEFE2A9E9FB100C1EABD /* ContentView.swift in Sources */ = {isa = PBXBuildFile; fileRef = 7F68DEFD2A9E9FB100C1EABD /* ContentView.swift */; };
		7F68DF002A9E9FB300C1EABD /* Assets.xcassets in Resources */ = {isa = PBXBuildFile; fileRef = 7F68DEFF2A9E9FB300C1EABD /* Assets.xcassets */; };
		7F68DF032A9E9FB300C1EABD /* Preview Assets.xcassets in Resources */ = {isa = PBXBuildFile; fileRef = 7F68DF022A9E9FB300C1EABD /* Preview Assets.xcassets */; };
		7F68DF0A2A9EA3A500C1EABD /* boards.json in Resources */ = {isa = PBXBuildFile; fileRef = 7F68DF092A9EA3A500C1EABD /* boards.json */; };
		7F72292C2AB3C2B000454881 /* FilterSheetView.swift in Sources */ = {isa = PBXBuildFile; fileRef = 7F72292B2AB3C2B000454881 /* FilterSheetView.swift */; };
		7F7439122AB66660000AAD52 /* FilterFieldView.swift in Sources */ = {isa = PBXBuildFile; fileRef = 7F7439112AB66660000AAD52 /* FilterFieldView.swift */; };
		7F74510E2AA50A6300403FBC /* RatingView.swift in Sources */ = {isa = PBXBuildFile; fileRef = 7F74510D2AA50A6300403FBC /* RatingView.swift */; };
		7F753C932AB27AA90046906E /* EmptyFavouritesView.swift in Sources */ = {isa = PBXBuildFile; fileRef = 7F753C922AB27AA90046906E /* EmptyFavouritesView.swift */; };
		7F773E8F2AA68CCA003B2E3E /* GaugeView.swift in Sources */ = {isa = PBXBuildFile; fileRef = 7F773E8E2AA68CCA003B2E3E /* GaugeView.swift */; };
		7F78B60F2AC632F200C1BBC0 /* Filters.swift in Sources */ = {isa = PBXBuildFile; fileRef = 7F78B60E2AC632F200C1BBC0 /* Filters.swift */; };
		7F7A53F72AA9305C009FAA90 /* Favourites.swift in Sources */ = {isa = PBXBuildFile; fileRef = 7F7A53F62AA9305C009FAA90 /* Favourites.swift */; };
		7F7AD6BC2A9FE99000D424A1 /* Boards.swift in Sources */ = {isa = PBXBuildFile; fileRef = 7F7AD6BB2A9FE99000D424A1 /* Boards.swift */; };
		7F7AD6BE2A9FECE900D424A1 /* Bundle-Decodable.swift in Sources */ = {isa = PBXBuildFile; fileRef = 7F7AD6BD2A9FECE800D424A1 /* Bundle-Decodable.swift */; };
		7F7B55802AA7DD6B00AE3299 /* WaveGaugeView.swift in Sources */ = {isa = PBXBuildFile; fileRef = 7F7B557F2AA7DD6B00AE3299 /* WaveGaugeView.swift */; };
		7F7B55822AA7E7CD00AE3299 /* PowerGaugeView.swift in Sources */ = {isa = PBXBuildFile; fileRef = 7F7B55812AA7E7CD00AE3299 /* PowerGaugeView.swift */; };
		7F7CBE422AC8C06600FCA883 /* EmptySearchView.swift in Sources */ = {isa = PBXBuildFile; fileRef = 7F7CBE412AC8C06600FCA883 /* EmptySearchView.swift */; };
		7F7D69CD2AC0EF690041090E /* BoardDetailView.swift in Sources */ = {isa = PBXBuildFile; fileRef = 7F7D69CC2AC0EF690041090E /* BoardDetailView.swift */; };
		7F7D69CF2AC0FD5E0041090E /* ImageScrollView.swift in Sources */ = {isa = PBXBuildFile; fileRef = 7F7D69CE2AC0FD5E0041090E /* ImageScrollView.swift */; };
		7F7F5E122AC2436B00F442A1 /* ReviewsScrollView.swift in Sources */ = {isa = PBXBuildFile; fileRef = 7F7F5E112AC2436B00F442A1 /* ReviewsScrollView.swift */; };
/* End PBXBuildFile section */

/* Begin PBXFileReference section */
		7F68DEF82A9E9FB100C1EABD /* Boardlist.app */ = {isa = PBXFileReference; explicitFileType = wrapper.application; includeInIndex = 0; path = Boardlist.app; sourceTree = BUILT_PRODUCTS_DIR; };
		7F68DEFB2A9E9FB100C1EABD /* BoardlistApp.swift */ = {isa = PBXFileReference; lastKnownFileType = sourcecode.swift; path = BoardlistApp.swift; sourceTree = "<group>"; };
		7F68DEFD2A9E9FB100C1EABD /* ContentView.swift */ = {isa = PBXFileReference; lastKnownFileType = sourcecode.swift; path = ContentView.swift; sourceTree = "<group>"; };
		7F68DEFF2A9E9FB300C1EABD /* Assets.xcassets */ = {isa = PBXFileReference; lastKnownFileType = folder.assetcatalog; path = Assets.xcassets; sourceTree = "<group>"; };
		7F68DF022A9E9FB300C1EABD /* Preview Assets.xcassets */ = {isa = PBXFileReference; lastKnownFileType = folder.assetcatalog; path = "Preview Assets.xcassets"; sourceTree = "<group>"; };
		7F68DF092A9EA3A500C1EABD /* boards.json */ = {isa = PBXFileReference; fileEncoding = 4; lastKnownFileType = text.json; path = boards.json; sourceTree = "<group>"; };
		7F72292B2AB3C2B000454881 /* FilterSheetView.swift */ = {isa = PBXFileReference; lastKnownFileType = sourcecode.swift; path = FilterSheetView.swift; sourceTree = "<group>"; };
		7F7439112AB66660000AAD52 /* FilterFieldView.swift */ = {isa = PBXFileReference; lastKnownFileType = sourcecode.swift; path = FilterFieldView.swift; sourceTree = "<group>"; };
		7F74510D2AA50A6300403FBC /* RatingView.swift */ = {isa = PBXFileReference; lastKnownFileType = sourcecode.swift; path = RatingView.swift; sourceTree = "<group>"; };
		7F753C922AB27AA90046906E /* EmptyFavouritesView.swift */ = {isa = PBXFileReference; lastKnownFileType = sourcecode.swift; path = EmptyFavouritesView.swift; sourceTree = "<group>"; };
		7F773E8E2AA68CCA003B2E3E /* GaugeView.swift */ = {isa = PBXFileReference; lastKnownFileType = sourcecode.swift; path = GaugeView.swift; sourceTree = "<group>"; };
		7F78B60E2AC632F200C1BBC0 /* Filters.swift */ = {isa = PBXFileReference; lastKnownFileType = sourcecode.swift; path = Filters.swift; sourceTree = "<group>"; };
		7F7A53F62AA9305C009FAA90 /* Favourites.swift */ = {isa = PBXFileReference; lastKnownFileType = sourcecode.swift; path = Favourites.swift; sourceTree = "<group>"; };
		7F7AD6BB2A9FE99000D424A1 /* Boards.swift */ = {isa = PBXFileReference; lastKnownFileType = sourcecode.swift; path = Boards.swift; sourceTree = "<group>"; };
		7F7AD6BD2A9FECE800D424A1 /* Bundle-Decodable.swift */ = {isa = PBXFileReference; lastKnownFileType = sourcecode.swift; path = "Bundle-Decodable.swift"; sourceTree = "<group>"; };
		7F7B557F2AA7DD6B00AE3299 /* WaveGaugeView.swift */ = {isa = PBXFileReference; lastKnownFileType = sourcecode.swift; path = WaveGaugeView.swift; sourceTree = "<group>"; };
		7F7B55812AA7E7CD00AE3299 /* PowerGaugeView.swift */ = {isa = PBXFileReference; lastKnownFileType = sourcecode.swift; path = PowerGaugeView.swift; sourceTree = "<group>"; };
		7F7CBE412AC8C06600FCA883 /* EmptySearchView.swift */ = {isa = PBXFileReference; lastKnownFileType = sourcecode.swift; path = EmptySearchView.swift; sourceTree = "<group>"; };
		7F7D69CC2AC0EF690041090E /* BoardDetailView.swift */ = {isa = PBXFileReference; lastKnownFileType = sourcecode.swift; path = BoardDetailView.swift; sourceTree = "<group>"; };
		7F7D69CE2AC0FD5E0041090E /* ImageScrollView.swift */ = {isa = PBXFileReference; lastKnownFileType = sourcecode.swift; path = ImageScrollView.swift; sourceTree = "<group>"; };
		7F7F5E112AC2436B00F442A1 /* ReviewsScrollView.swift */ = {isa = PBXFileReference; lastKnownFileType = sourcecode.swift; path = ReviewsScrollView.swift; sourceTree = "<group>"; };
/* End PBXFileReference section */

/* Begin PBXFrameworksBuildPhase section */
		7F68DEF52A9E9FB100C1EABD /* Frameworks */ = {
			isa = PBXFrameworksBuildPhase;
			buildActionMask = 2147483647;
			files = (
			);
			runOnlyForDeploymentPostprocessing = 0;
		};
/* End PBXFrameworksBuildPhase section */

/* Begin PBXGroup section */
		7F68DEEF2A9E9FB100C1EABD = {
			isa = PBXGroup;
			children = (
				7F68DEFA2A9E9FB100C1EABD /* Boardlist */,
				7F68DEF92A9E9FB100C1EABD /* Products */,
			);
			sourceTree = "<group>";
		};
		7F68DEF92A9E9FB100C1EABD /* Products */ = {
			isa = PBXGroup;
			children = (
				7F68DEF82A9E9FB100C1EABD /* Boardlist.app */,
			);
			name = Products;
			sourceTree = "<group>";
		};
		7F68DEFA2A9E9FB100C1EABD /* Boardlist */ = {
			isa = PBXGroup;
			children = (
				7F753C922AB27AA90046906E /* EmptyFavouritesView.swift */,
				7F7CBE412AC8C06600FCA883 /* EmptySearchView.swift */,
				7F68DEFB2A9E9FB100C1EABD /* BoardlistApp.swift */,
				7F68DEFD2A9E9FB100C1EABD /* ContentView.swift */,
				7F7D69CC2AC0EF690041090E /* BoardDetailView.swift */,
				7F7F5E112AC2436B00F442A1 /* ReviewsScrollView.swift */,
				7F7D69CE2AC0FD5E0041090E /* ImageScrollView.swift */,
				7F72292B2AB3C2B000454881 /* FilterSheetView.swift */,
				7F7439112AB66660000AAD52 /* FilterFieldView.swift */,
				7F7A53F62AA9305C009FAA90 /* Favourites.swift */,
				7F7B55812AA7E7CD00AE3299 /* PowerGaugeView.swift */,
				7F74510D2AA50A6300403FBC /* RatingView.swift */,
				7F773E8E2AA68CCA003B2E3E /* GaugeView.swift */,
				7F7B557F2AA7DD6B00AE3299 /* WaveGaugeView.swift */,
				7F7AD6BB2A9FE99000D424A1 /* Boards.swift */,
				7F78B60E2AC632F200C1BBC0 /* Filters.swift */,
				7F773E902AA68CE4003B2E3E /* Components */,
				7F7AD6C02A9FEF8200D424A1 /* Data Sources */,
				7F7AD6BF2A9FEF6C00D424A1 /* Extensions */,
				7F68DF012A9E9FB300C1EABD /* Preview Content */,
				7F68DEFF2A9E9FB300C1EABD /* Assets.xcassets */,
			);
			path = Boardlist;
			sourceTree = "<group>";
		};
		7F68DF012A9E9FB300C1EABD /* Preview Content */ = {
			isa = PBXGroup;
			children = (
				7F68DF022A9E9FB300C1EABD /* Preview Assets.xcassets */,
			);
			path = "Preview Content";
			sourceTree = "<group>";
		};
		7F773E902AA68CE4003B2E3E /* Components */ = {
			isa = PBXGroup;
			children = (
			);
			path = Components;
			sourceTree = "<group>";
		};
		7F7AD6BF2A9FEF6C00D424A1 /* Extensions */ = {
			isa = PBXGroup;
			children = (
				7F7AD6BD2A9FECE800D424A1 /* Bundle-Decodable.swift */,
			);
			path = Extensions;
			sourceTree = "<group>";
		};
		7F7AD6C02A9FEF8200D424A1 /* Data Sources */ = {
			isa = PBXGroup;
			children = (
				7F68DF092A9EA3A500C1EABD /* boards.json */,
			);
			path = "Data Sources";
			sourceTree = "<group>";
		};
/* End PBXGroup section */

/* Begin PBXNativeTarget section */
		7F68DEF72A9E9FB100C1EABD /* Boardlist */ = {
			isa = PBXNativeTarget;
			buildConfigurationList = 7F68DF062A9E9FB300C1EABD /* Build configuration list for PBXNativeTarget "Boardlist" */;
			buildPhases = (
				7F68DEF42A9E9FB100C1EABD /* Sources */,
				7F68DEF52A9E9FB100C1EABD /* Frameworks */,
				7F68DEF62A9E9FB100C1EABD /* Resources */,
			);
			buildRules = (
			);
			dependencies = (
			);
			name = Boardlist;
			productName = Boardlist;
			productReference = 7F68DEF82A9E9FB100C1EABD /* Boardlist.app */;
			productType = "com.apple.product-type.application";
		};
/* End PBXNativeTarget section */

/* Begin PBXProject section */
		7F68DEF02A9E9FB100C1EABD /* Project object */ = {
			isa = PBXProject;
			attributes = {
				BuildIndependentTargetsInParallel = 1;
				LastSwiftUpdateCheck = 1420;
				LastUpgradeCheck = 1420;
				TargetAttributes = {
					7F68DEF72A9E9FB100C1EABD = {
						CreatedOnToolsVersion = 14.2;
					};
				};
			};
			buildConfigurationList = 7F68DEF32A9E9FB100C1EABD /* Build configuration list for PBXProject "Boardlist" */;
			compatibilityVersion = "Xcode 14.0";
			developmentRegion = en;
			hasScannedForEncodings = 0;
			knownRegions = (
				en,
				Base,
			);
			mainGroup = 7F68DEEF2A9E9FB100C1EABD;
			productRefGroup = 7F68DEF92A9E9FB100C1EABD /* Products */;
			projectDirPath = "";
			projectRoot = "";
			targets = (
				7F68DEF72A9E9FB100C1EABD /* Boardlist */,
			);
		};
/* End PBXProject section */

/* Begin PBXResourcesBuildPhase section */
		7F68DEF62A9E9FB100C1EABD /* Resources */ = {
			isa = PBXResourcesBuildPhase;
			buildActionMask = 2147483647;
			files = (
				7F68DF032A9E9FB300C1EABD /* Preview Assets.xcassets in Resources */,
				7F68DF002A9E9FB300C1EABD /* Assets.xcassets in Resources */,
				7F68DF0A2A9EA3A500C1EABD /* boards.json in Resources */,
			);
			runOnlyForDeploymentPostprocessing = 0;
		};
/* End PBXResourcesBuildPhase section */

/* Begin PBXSourcesBuildPhase section */
		7F68DEF42A9E9FB100C1EABD /* Sources */ = {
			isa = PBXSourcesBuildPhase;
			buildActionMask = 2147483647;
			files = (
				7F7B55822AA7E7CD00AE3299 /* PowerGaugeView.swift in Sources */,
				7F78B60F2AC632F200C1BBC0 /* Filters.swift in Sources */,
				7F7F5E122AC2436B00F442A1 /* ReviewsScrollView.swift in Sources */,
				7F7D69CF2AC0FD5E0041090E /* ImageScrollView.swift in Sources */,
				7F68DEFE2A9E9FB100C1EABD /* ContentView.swift in Sources */,
				7F68DEFC2A9E9FB100C1EABD /* BoardlistApp.swift in Sources */,
				7F7AD6BC2A9FE99000D424A1 /* Boards.swift in Sources */,
				7F74510E2AA50A6300403FBC /* RatingView.swift in Sources */,
				7F7D69CD2AC0EF690041090E /* BoardDetailView.swift in Sources */,
				7F773E8F2AA68CCA003B2E3E /* GaugeView.swift in Sources */,
				7F7CBE422AC8C06600FCA883 /* EmptySearchView.swift in Sources */,
				7F753C932AB27AA90046906E /* EmptyFavouritesView.swift in Sources */,
				7F7AD6BE2A9FECE900D424A1 /* Bundle-Decodable.swift in Sources */,
				7F7A53F72AA9305C009FAA90 /* Favourites.swift in Sources */,
				7F7439122AB66660000AAD52 /* FilterFieldView.swift in Sources */,
				7F72292C2AB3C2B000454881 /* FilterSheetView.swift in Sources */,
				7F7B55802AA7DD6B00AE3299 /* WaveGaugeView.swift in Sources */,
			);
			runOnlyForDeploymentPostprocessing = 0;
		};
/* End PBXSourcesBuildPhase section */

/* Begin XCBuildConfiguration section */
		7F68DF042A9E9FB300C1EABD /* Debug */ = {
			isa = XCBuildConfiguration;
			buildSettings = {
				ALWAYS_SEARCH_USER_PATHS = NO;
				CLANG_ANALYZER_NONNULL = YES;
				CLANG_ANALYZER_NUMBER_OBJECT_CONVERSION = YES_AGGRESSIVE;
				CLANG_CXX_LANGUAGE_STANDARD = "gnu++20";
				CLANG_ENABLE_MODULES = YES;
				CLANG_ENABLE_OBJC_ARC = YES;
				CLANG_ENABLE_OBJC_WEAK = YES;
				CLANG_WARN_BLOCK_CAPTURE_AUTORELEASING = YES;
				CLANG_WARN_BOOL_CONVERSION = YES;
				CLANG_WARN_COMMA = YES;
				CLANG_WARN_CONSTANT_CONVERSION = YES;
				CLANG_WARN_DEPRECATED_OBJC_IMPLEMENTATIONS = YES;
				CLANG_WARN_DIRECT_OBJC_ISA_USAGE = YES_ERROR;
				CLANG_WARN_DOCUMENTATION_COMMENTS = YES;
				CLANG_WARN_EMPTY_BODY = YES;
				CLANG_WARN_ENUM_CONVERSION = YES;
				CLANG_WARN_INFINITE_RECURSION = YES;
				CLANG_WARN_INT_CONVERSION = YES;
				CLANG_WARN_NON_LITERAL_NULL_CONVERSION = YES;
				CLANG_WARN_OBJC_IMPLICIT_RETAIN_SELF = YES;
				CLANG_WARN_OBJC_LITERAL_CONVERSION = YES;
				CLANG_WARN_OBJC_ROOT_CLASS = YES_ERROR;
				CLANG_WARN_QUOTED_INCLUDE_IN_FRAMEWORK_HEADER = YES;
				CLANG_WARN_RANGE_LOOP_ANALYSIS = YES;
				CLANG_WARN_STRICT_PROTOTYPES = YES;
				CLANG_WARN_SUSPICIOUS_MOVE = YES;
				CLANG_WARN_UNGUARDED_AVAILABILITY = YES_AGGRESSIVE;
				CLANG_WARN_UNREACHABLE_CODE = YES;
				CLANG_WARN__DUPLICATE_METHOD_MATCH = YES;
				COPY_PHASE_STRIP = NO;
				DEBUG_INFORMATION_FORMAT = dwarf;
				ENABLE_STRICT_OBJC_MSGSEND = YES;
				ENABLE_TESTABILITY = YES;
				GCC_C_LANGUAGE_STANDARD = gnu11;
				GCC_DYNAMIC_NO_PIC = NO;
				GCC_NO_COMMON_BLOCKS = YES;
				GCC_OPTIMIZATION_LEVEL = 0;
				GCC_PREPROCESSOR_DEFINITIONS = (
					"DEBUG=1",
					"$(inherited)",
				);
				GCC_WARN_64_TO_32_BIT_CONVERSION = YES;
				GCC_WARN_ABOUT_RETURN_TYPE = YES_ERROR;
				GCC_WARN_UNDECLARED_SELECTOR = YES;
				GCC_WARN_UNINITIALIZED_AUTOS = YES_AGGRESSIVE;
				GCC_WARN_UNUSED_FUNCTION = YES;
				GCC_WARN_UNUSED_VARIABLE = YES;
				IPHONEOS_DEPLOYMENT_TARGET = 16.2;
				MTL_ENABLE_DEBUG_INFO = INCLUDE_SOURCE;
				MTL_FAST_MATH = YES;
				ONLY_ACTIVE_ARCH = YES;
				SDKROOT = iphoneos;
				SWIFT_ACTIVE_COMPILATION_CONDITIONS = DEBUG;
				SWIFT_OPTIMIZATION_LEVEL = "-Onone";
			};
			name = Debug;
		};
		7F68DF052A9E9FB300C1EABD /* Release */ = {
			isa = XCBuildConfiguration;
			buildSettings = {
				ALWAYS_SEARCH_USER_PATHS = NO;
				CLANG_ANALYZER_NONNULL = YES;
				CLANG_ANALYZER_NUMBER_OBJECT_CONVERSION = YES_AGGRESSIVE;
				CLANG_CXX_LANGUAGE_STANDARD = "gnu++20";
				CLANG_ENABLE_MODULES = YES;
				CLANG_ENABLE_OBJC_ARC = YES;
				CLANG_ENABLE_OBJC_WEAK = YES;
				CLANG_WARN_BLOCK_CAPTURE_AUTORELEASING = YES;
				CLANG_WARN_BOOL_CONVERSION = YES;
				CLANG_WARN_COMMA = YES;
				CLANG_WARN_CONSTANT_CONVERSION = YES;
				CLANG_WARN_DEPRECATED_OBJC_IMPLEMENTATIONS = YES;
				CLANG_WARN_DIRECT_OBJC_ISA_USAGE = YES_ERROR;
				CLANG_WARN_DOCUMENTATION_COMMENTS = YES;
				CLANG_WARN_EMPTY_BODY = YES;
				CLANG_WARN_ENUM_CONVERSION = YES;
				CLANG_WARN_INFINITE_RECURSION = YES;
				CLANG_WARN_INT_CONVERSION = YES;
				CLANG_WARN_NON_LITERAL_NULL_CONVERSION = YES;
				CLANG_WARN_OBJC_IMPLICIT_RETAIN_SELF = YES;
				CLANG_WARN_OBJC_LITERAL_CONVERSION = YES;
				CLANG_WARN_OBJC_ROOT_CLASS = YES_ERROR;
				CLANG_WARN_QUOTED_INCLUDE_IN_FRAMEWORK_HEADER = YES;
				CLANG_WARN_RANGE_LOOP_ANALYSIS = YES;
				CLANG_WARN_STRICT_PROTOTYPES = YES;
				CLANG_WARN_SUSPICIOUS_MOVE = YES;
				CLANG_WARN_UNGUARDED_AVAILABILITY = YES_AGGRESSIVE;
				CLANG_WARN_UNREACHABLE_CODE = YES;
				CLANG_WARN__DUPLICATE_METHOD_MATCH = YES;
				COPY_PHASE_STRIP = NO;
				DEBUG_INFORMATION_FORMAT = "dwarf-with-dsym";
				ENABLE_NS_ASSERTIONS = NO;
				ENABLE_STRICT_OBJC_MSGSEND = YES;
				GCC_C_LANGUAGE_STANDARD = gnu11;
				GCC_NO_COMMON_BLOCKS = YES;
				GCC_WARN_64_TO_32_BIT_CONVERSION = YES;
				GCC_WARN_ABOUT_RETURN_TYPE = YES_ERROR;
				GCC_WARN_UNDECLARED_SELECTOR = YES;
				GCC_WARN_UNINITIALIZED_AUTOS = YES_AGGRESSIVE;
				GCC_WARN_UNUSED_FUNCTION = YES;
				GCC_WARN_UNUSED_VARIABLE = YES;
				IPHONEOS_DEPLOYMENT_TARGET = 16.2;
				MTL_ENABLE_DEBUG_INFO = NO;
				MTL_FAST_MATH = YES;
				SDKROOT = iphoneos;
				SWIFT_COMPILATION_MODE = wholemodule;
				SWIFT_OPTIMIZATION_LEVEL = "-O";
				VALIDATE_PRODUCT = YES;
			};
			name = Release;
		};
		7F68DF072A9E9FB300C1EABD /* Debug */ = {
			isa = XCBuildConfiguration;
			buildSettings = {
				ASSETCATALOG_COMPILER_APPICON_NAME = AppIcon;
				ASSETCATALOG_COMPILER_GLOBAL_ACCENT_COLOR_NAME = AccentColor;
				CODE_SIGN_STYLE = Automatic;
				CURRENT_PROJECT_VERSION = 1;
				DEVELOPMENT_ASSET_PATHS = "\"Boardlist/Preview Content\"";
				ENABLE_PREVIEWS = YES;
				GENERATE_INFOPLIST_FILE = YES;
				INFOPLIST_KEY_UIApplicationSceneManifest_Generation = YES;
				INFOPLIST_KEY_UIApplicationSupportsIndirectInputEvents = YES;
				INFOPLIST_KEY_UILaunchScreen_Generation = YES;
				INFOPLIST_KEY_UISupportedInterfaceOrientations_iPad = "UIInterfaceOrientationPortrait UIInterfaceOrientationPortraitUpsideDown UIInterfaceOrientationLandscapeLeft UIInterfaceOrientationLandscapeRight";
				INFOPLIST_KEY_UISupportedInterfaceOrientations_iPhone = "UIInterfaceOrientationPortrait UIInterfaceOrientationLandscapeLeft UIInterfaceOrientationLandscapeRight";
				LD_RUNPATH_SEARCH_PATHS = (
					"$(inherited)",
					"@executable_path/Frameworks",
				);
				MARKETING_VERSION = 1.0;
				PRODUCT_BUNDLE_IDENTIFIER = com.orochamartins.Boardlist;
				PRODUCT_NAME = "$(TARGET_NAME)";
				SWIFT_EMIT_LOC_STRINGS = YES;
				SWIFT_VERSION = 5.0;
				TARGETED_DEVICE_FAMILY = "1,2";
			};
			name = Debug;
		};
		7F68DF082A9E9FB300C1EABD /* Release */ = {
			isa = XCBuildConfiguration;
			buildSettings = {
				ASSETCATALOG_COMPILER_APPICON_NAME = AppIcon;
				ASSETCATALOG_COMPILER_GLOBAL_ACCENT_COLOR_NAME = AccentColor;
				CODE_SIGN_STYLE = Automatic;
				CURRENT_PROJECT_VERSION = 1;
				DEVELOPMENT_ASSET_PATHS = "\"Boardlist/Preview Content\"";
				ENABLE_PREVIEWS = YES;
				GENERATE_INFOPLIST_FILE = YES;
				INFOPLIST_KEY_UIApplicationSceneManifest_Generation = YES;
				INFOPLIST_KEY_UIApplicationSupportsIndirectInputEvents = YES;
				INFOPLIST_KEY_UILaunchScreen_Generation = YES;
				INFOPLIST_KEY_UISupportedInterfaceOrientations_iPad = "UIInterfaceOrientationPortrait UIInterfaceOrientationPortraitUpsideDown UIInterfaceOrientationLandscapeLeft UIInterfaceOrientationLandscapeRight";
				INFOPLIST_KEY_UISupportedInterfaceOrientations_iPhone = "UIInterfaceOrientationPortrait UIInterfaceOrientationLandscapeLeft UIInterfaceOrientationLandscapeRight";
				LD_RUNPATH_SEARCH_PATHS = (
					"$(inherited)",
					"@executable_path/Frameworks",
				);
				MARKETING_VERSION = 1.0;
				PRODUCT_BUNDLE_IDENTIFIER = com.orochamartins.Boardlist;
				PRODUCT_NAME = "$(TARGET_NAME)";
				SWIFT_EMIT_LOC_STRINGS = YES;
				SWIFT_VERSION = 5.0;
				TARGETED_DEVICE_FAMILY = "1,2";
			};
			name = Release;
		};
/* End XCBuildConfiguration section */

/* Begin XCConfigurationList section */
		7F68DEF32A9E9FB100C1EABD /* Build configuration list for PBXProject "Boardlist" */ = {
			isa = XCConfigurationList;
			buildConfigurations = (
				7F68DF042A9E9FB300C1EABD /* Debug */,
				7F68DF052A9E9FB300C1EABD /* Release */,
			);
			defaultConfigurationIsVisible = 0;
			defaultConfigurationName = Release;
		};
		7F68DF062A9E9FB300C1EABD /* Build configuration list for PBXNativeTarget "Boardlist" */ = {
			isa = XCConfigurationList;
			buildConfigurations = (
				7F68DF072A9E9FB300C1EABD /* Debug */,
				7F68DF082A9E9FB300C1EABD /* Release */,
			);
			defaultConfigurationIsVisible = 0;
			defaultConfigurationName = Release;
		};
/* End XCConfigurationList section */
	};
	rootObject = 7F68DEF02A9E9FB100C1EABD /* Project object */;
}
